
Microsoft Visual Studio Solution File, Format Version 12.00
# Visual Studio Version 17
VisualStudioVersion = 17.1.32210.238
MinimumVisualStudioVersion = 10.0.40219.1
Project("{9A19103F-16F7-4668-BE54-9A1E7A4F7556}") = "Employee", "Employee.csproj", "{BE76CEB5-3E84-4F51-8E4B-A74B7DC08B83}"
EndProject
Global
	GlobalSection(SolutionConfigurationPlatforms) = preSolution
		Debug|Any CPU = Debug|Any CPU
		Release|Any CPU = Release|Any CPU
	EndGlobalSection
	GlobalSection(ProjectConfigurationPlatforms) = postSolution
		{BE76CEB5-3E84-4F51-8E4B-A74B7DC08B83}.Debug|Any CPU.ActiveCfg = Debug|Any CPU
		{BE76CEB5-3E84-4F51-8E4B-A74B7DC08B83}.Debug|Any CPU.Build.0 = Debug|Any CPU
		{BE76CEB5-3E84-4F51-8E4B-A74B7DC08B83}.Release|Any CPU.ActiveCfg = Release|Any CPU
		{BE76CEB5-3E84-4F51-8E4B-A74B7DC08B83}.Release|Any CPU.Build.0 = Release|Any CPU
	EndGlobalSection
	GlobalSection(SolutionProperties) = preSolution
		HideSolutionNode = FALSE
	EndGlobalSection
	GlobalSection(ExtensibilityGlobals) = postSolution
		SolutionGuid = {546F0214-132D-4CA4-824B-2C0A6A6709A4}
	EndGlobalSection
EndGlobal
